Microsoft Visual Studio Solution File, Format Version 12.00
# Visual Studio 2012
Project("{FAE04EC0-301F-11D3-BF4B-00C04F79EFBC}") = "voxel-game", "voxel-game.csproj", "{EA88DC7E-9391-42CA-88A0-0294E5767187}"
EndProject
Global
	GlobalSection(SolutionConfigurationPlatforms) = preSolution
	Debug|Any CPU = Debug|Any CPU
	ExportDebug|Any CPU = ExportDebug|Any CPU
	ExportRelease|Any CPU = ExportRelease|Any CPU
	EndGlobalSection
	GlobalSection(ProjectConfigurationPlatforms) = postSolution
		{EA88DC7E-9391-42CA-88A0-0294E5767187}.Debug|Any CPU.ActiveCfg = Debug|Any CPU
		{EA88DC7E-9391-42CA-88A0-0294E5767187}.Debug|Any CPU.Build.0 = Debug|Any CPU
		{EA88DC7E-9391-42CA-88A0-0294E5767187}.ExportDebug|Any CPU.ActiveCfg = ExportDebug|Any CPU
		{EA88DC7E-9391-42CA-88A0-0294E5767187}.ExportDebug|Any CPU.Build.0 = ExportDebug|Any CPU
		{EA88DC7E-9391-42CA-88A0-0294E5767187}.ExportRelease|Any CPU.ActiveCfg = ExportRelease|Any CPU
		{EA88DC7E-9391-42CA-88A0-0294E5767187}.ExportRelease|Any CPU.Build.0 = ExportRelease|Any CPU
	EndGlobalSection
EndGlobal
